// !$*UTF8*$!
{
	archiveVersion = 1;
	classes = {
	};
	objectVersion = 55;
	objects = {

/* Begin PBXBuildFile section */
		8813C21928566AF5003B0F81 /* svg.swift in Sources */ = {isa = PBXBuildFile; fileRef = 8813C21828566AF5003B0F81 /* svg.swift */; };
		882ABC3C28525C2400449E6B /* tile.swift in Sources */ = {isa = PBXBuildFile; fileRef = 882ABC3B28525C2400449E6B /* tile.swift */; };
		882ABC3E28525C4C00449E6B /* size.swift in Sources */ = {isa = PBXBuildFile; fileRef = 882ABC3D28525C4C00449E6B /* size.swift */; };
		882ABC40285272F400449E6B /* AppDelegate.swift in Sources */ = {isa = PBXBuildFile; fileRef = 882ABC3F285272F400449E6B /* AppDelegate.swift */; };
		882ABC422852752700449E6B /* WindowController.swift in Sources */ = {isa = PBXBuildFile; fileRef = 882ABC412852752700449E6B /* WindowController.swift */; };
		88C53F4C2855E5C300CDA89C /* (null) in Sources */ = {isa = PBXBuildFile; };
		88ECE08D284FD32500F26C57 /* TweexelApp.swift in Sources */ = {isa = PBXBuildFile; fileRef = 88ECE08C284FD32500F26C57 /* TweexelApp.swift */; };
		88ECE08F284FD32500F26C57 /* ContentView.swift in Sources */ = {isa = PBXBuildFile; fileRef = 88ECE08E284FD32500F26C57 /* ContentView.swift */; };
		88ECE091284FD32800F26C57 /* Assets.xcassets in Resources */ = {isa = PBXBuildFile; fileRef = 88ECE090284FD32800F26C57 /* Assets.xcassets */; };
		88ECE094284FD32800F26C57 /* Preview Assets.xcassets in Resources */ = {isa = PBXBuildFile; fileRef = 88ECE093284FD32800F26C57 /* Preview Assets.xcassets */; };
		88FB7BA72851317C00F67996 /* Color+Extension.swift in Sources */ = {isa = PBXBuildFile; fileRef = 88FB7BA62851317C00F67996 /* Color+Extension.swift */; };
/* End PBXBuildFile section */

/* Begin PBXFileReference section */
		8813C21828566AF5003B0F81 /* svg.swift */ = {isa = PBXFileReference; fileEncoding = 4; lastKnownFileType = sourcecode.swift; path = svg.swift; sourceTree = "<group>"; };
		882ABC3B28525C2400449E6B /* tile.swift */ = {isa = PBXFileReference; lastKnownFileType = sourcecode.swift; path = tile.swift; sourceTree = "<group>"; };
		882ABC3D28525C4C00449E6B /* size.swift */ = {isa = PBXFileReference; lastKnownFileType = sourcecode.swift; path = size.swift; sourceTree = "<group>"; };
		882ABC3F285272F400449E6B /* AppDelegate.swift */ = {isa = PBXFileReference; lastKnownFileType = sourcecode.swift; path = AppDelegate.swift; sourceTree = "<group>"; };
		882ABC412852752700449E6B /* WindowController.swift */ = {isa = PBXFileReference; lastKnownFileType = sourcecode.swift; path = WindowController.swift; sourceTree = "<group>"; };
		88ECE089284FD32500F26C57 /* Tweexel.app */ = {isa = PBXFileReference; explicitFileType = wrapper.application; includeInIndex = 0; path = Tweexel.app; sourceTree = BUILT_PRODUCTS_DIR; };
		88ECE08C284FD32500F26C57 /* TweexelApp.swift */ = {isa = PBXFileReference; lastKnownFileType = sourcecode.swift; path = TweexelApp.swift; sourceTree = "<group>"; };
		88ECE08E284FD32500F26C57 /* ContentView.swift */ = {isa = PBXFileReference; lastKnownFileType = sourcecode.swift; path = ContentView.swift; sourceTree = "<group>"; };
		88ECE090284FD32800F26C57 /* Assets.xcassets */ = {isa = PBXFileReference; lastKnownFileType = folder.assetcatalog; path = Assets.xcassets; sourceTree = "<group>"; };
		88ECE093284FD32800F26C57 /* Preview Assets.xcassets */ = {isa = PBXFileReference; lastKnownFileType = folder.assetcatalog; path = "Preview Assets.xcassets"; sourceTree = "<group>"; };
		88ECE095284FD32800F26C57 /* Tweexel.entitlements */ = {isa = PBXFileReference; lastKnownFileType = text.plist.entitlements; path = Tweexel.entitlements; sourceTree = "<group>"; };
		88FB7BA62851317C00F67996 /* Color+Extension.swift */ = {isa = PBXFileReference; lastKnownFileType = sourcecode.swift; path = "Color+Extension.swift"; sourceTree = "<group>"; };
/* End PBXFileReference section */

/* Begin PBXFrameworksBuildPhase section */
		88ECE086284FD32500F26C57 /* Frameworks */ = {
			isa = PBXFrameworksBuildPhase;
			buildActionMask = 2147483647;
			files = (
			);
			runOnlyForDeploymentPostprocessing = 0;
		};
/* End PBXFrameworksBuildPhase section */

/* Begin PBXGroup section */
		88ECE080284FD32500F26C57 = {
			isa = PBXGroup;
			children = (
				88ECE08B284FD32500F26C57 /* Tweexel */,
				88ECE08A284FD32500F26C57 /* Products */,
			);
			sourceTree = "<group>";
		};
		88ECE08A284FD32500F26C57 /* Products */ = {
			isa = PBXGroup;
			children = (
				88ECE089284FD32500F26C57 /* Tweexel.app */,
			);
			name = Products;
			sourceTree = "<group>";
		};
		88ECE08B284FD32500F26C57 /* Tweexel */ = {
			isa = PBXGroup;
			children = (
				8813C21828566AF5003B0F81 /* svg.swift */,
				88ECE08C284FD32500F26C57 /* TweexelApp.swift */,
				88ECE08E284FD32500F26C57 /* ContentView.swift */,
				88ECE090284FD32800F26C57 /* Assets.xcassets */,
				88ECE095284FD32800F26C57 /* Tweexel.entitlements */,
				88ECE092284FD32800F26C57 /* Preview Content */,
				88FB7BA62851317C00F67996 /* Color+Extension.swift */,
				882ABC3B28525C2400449E6B /* tile.swift */,
				882ABC3D28525C4C00449E6B /* size.swift */,
				882ABC3F285272F400449E6B /* AppDelegate.swift */,
				882ABC412852752700449E6B /* WindowController.swift */,
			);
			path = Tweexel;
			sourceTree = "<group>";
		};
		88ECE092284FD32800F26C57 /* Preview Content */ = {
			isa = PBXGroup;
			children = (
				88ECE093284FD32800F26C57 /* Preview Assets.xcassets */,
			);
			path = "Preview Content";
			sourceTree = "<group>";
		};
/* End PBXGroup section */

/* Begin PBXNativeTarget section */
		88ECE088284FD32500F26C57 /* Tweexel */ = {
			isa = PBXNativeTarget;
			buildConfigurationList = 88ECE098284FD32800F26C57 /* Build configuration list for PBXNativeTarget "Tweexel" */;
			buildPhases = (
				88ECE085284FD32500F26C57 /* Sources */,
				88ECE086284FD32500F26C57 /* Frameworks */,
				88ECE087284FD32500F26C57 /* Resources */,
			);
			buildRules = (
			);
			dependencies = (
			);
			name = Tweexel;
			productName = Tweexel;
			productReference = 88ECE089284FD32500F26C57 /* Tweexel.app */;
			productType = "com.apple.product-type.application";
		};
/* End PBXNativeTarget section */

/* Begin PBXProject section */
		88ECE081284FD32500F26C57 /* Project object */ = {
			isa = PBXProject;
			attributes = {
				BuildIndependentTargetsInParallel = 1;
				LastSwiftUpdateCheck = 1310;
				LastUpgradeCheck = 1310;
				TargetAttributes = {
					88ECE088284FD32500F26C57 = {
						CreatedOnToolsVersion = 13.1;
					};
				};
			};
			buildConfigurationList = 88ECE084284FD32500F26C57 /* Build configuration list for PBXProject "Tweexel" */;
			compatibilityVersion = "Xcode 13.0";
			developmentRegion = en;
			hasScannedForEncodings = 0;
			knownRegions = (
				en,
				Base,
			);
			mainGroup = 88ECE080284FD32500F26C57;
			productRefGroup = 88ECE08A284FD32500F26C57 /* Products */;
			projectDirPath = "";
			projectRoot = "";
			targets = (
				88ECE088284FD32500F26C57 /* Tweexel */,
			);
		};
/* End PBXProject section */

/* Begin PBXResourcesBuildPhase section */
		88ECE087284FD32500F26C57 /* Resources */ = {
			isa = PBXResourcesBuildPhase;
			buildActionMask = 2147483647;
			files = (
				88ECE094284FD32800F26C57 /* Preview Assets.xcassets in Resources */,
				88ECE091284FD32800F26C57 /* Assets.xcassets in Resources */,
			);
			runOnlyForDeploymentPostprocessing = 0;
		};
/* End PBXResourcesBuildPhase section */

/* Begin PBXSourcesBuildPhase section */
		88ECE085284FD32500F26C57 /* Sources */ = {
			isa = PBXSourcesBuildPhase;
			buildActionMask = 2147483647;
			files = (
				882ABC40285272F400449E6B /* AppDelegate.swift in Sources */,
				8813C21928566AF5003B0F81 /* svg.swift in Sources */,
				88ECE08F284FD32500F26C57 /* ContentView.swift in Sources */,
				88FB7BA72851317C00F67996 /* Color+Extension.swift in Sources */,
				882ABC422852752700449E6B /* WindowController.swift in Sources */,
				88C53F4C2855E5C300CDA89C /* (null) in Sources */,
				88ECE08D284FD32500F26C57 /* TweexelApp.swift in Sources */,
				882ABC3E28525C4C00449E6B /* size.swift in Sources */,
				882ABC3C28525C2400449E6B /* tile.swift in Sources */,
			);
			runOnlyForDeploymentPostprocessing = 0;
		};
/* End PBXSourcesBuildPhase section */

/* Begin XCBuildConfiguration section */
		88ECE096284FD32800F26C57 /* Debug */ = {
			isa = XCBuildConfiguration;
			buildSettings = {
				ALWAYS_SEARCH_USER_PATHS = NO;
				CLANG_ANALYZER_NONNULL = YES;
				CLANG_ANALYZER_NUMBER_OBJECT_CONVERSION = YES_AGGRESSIVE;
				CLANG_CXX_LANGUAGE_STANDARD = "gnu++17";
				CLANG_CXX_LIBRARY = "libc++";
				CLANG_ENABLE_MODULES = YES;
				CLANG_ENABLE_OBJC_ARC = YES;
				CLANG_ENABLE_OBJC_WEAK = YES;
				CLANG_WARN_BLOCK_CAPTURE_AUTORELEASING = YES;
				CLANG_WARN_BOOL_CONVERSION = YES;
				CLANG_WARN_COMMA = YES;
				CLANG_WARN_CONSTANT_CONVERSION = YES;
				CLANG_WARN_DEPRECATED_OBJC_IMPLEMENTATIONS = YES;
				CLANG_WARN_DIRECT_OBJC_ISA_USAGE = YES_ERROR;
				CLANG_WARN_DOCUMENTATION_COMMENTS = YES;
				CLANG_WARN_EMPTY_BODY = YES;
				CLANG_WARN_ENUM_CONVERSION = YES;
				CLANG_WARN_INFINITE_RECURSION = YES;
				CLANG_WARN_INT_CONVERSION = YES;
				CLANG_WARN_NON_LITERAL_NULL_CONVERSION = YES;
				CLANG_WARN_OBJC_IMPLICIT_RETAIN_SELF = YES;
				CLANG_WARN_OBJC_LITERAL_CONVERSION = YES;
				CLANG_WARN_OBJC_ROOT_CLASS = YES_ERROR;
				CLANG_WARN_QUOTED_INCLUDE_IN_FRAMEWORK_HEADER = YES;
				CLANG_WARN_RANGE_LOOP_ANALYSIS = YES;
				CLANG_WARN_STRICT_PROTOTYPES = YES;
				CLANG_WARN_SUSPICIOUS_MOVE = YES;
				CLANG_WARN_UNGUARDED_AVAILABILITY = YES_AGGRESSIVE;
				CLANG_WARN_UNREACHABLE_CODE = YES;
				CLANG_WARN__DUPLICATE_METHOD_MATCH = YES;
				COPY_PHASE_STRIP = NO;
				DEBUG_INFORMATION_FORMAT = dwarf;
				ENABLE_STRICT_OBJC_MSGSEND = YES;
				ENABLE_TESTABILITY = YES;
				GCC_C_LANGUAGE_STANDARD = gnu11;
				GCC_DYNAMIC_NO_PIC = NO;
				GCC_NO_COMMON_BLOCKS = YES;
				GCC_OPTIMIZATION_LEVEL = 0;
				GCC_PREPROCESSOR_DEFINITIONS = (
					"DEBUG=1",
					"$(inherited)",
				);
				GCC_WARN_64_TO_32_BIT_CONVERSION = YES;
				GCC_WARN_ABOUT_RETURN_TYPE = YES_ERROR;
				GCC_WARN_UNDECLARED_SELECTOR = YES;
				GCC_WARN_UNINITIALIZED_AUTOS = YES_AGGRESSIVE;
				GCC_WARN_UNUSED_FUNCTION = YES;
				GCC_WARN_UNUSED_VARIABLE = YES;
				MACOSX_DEPLOYMENT_TARGET = 11.6;
				MTL_ENABLE_DEBUG_INFO = INCLUDE_SOURCE;
				MTL_FAST_MATH = YES;
				ONLY_ACTIVE_ARCH = YES;
				SDKROOT = macosx;
				SWIFT_ACTIVE_COMPILATION_CONDITIONS = DEBUG;
				SWIFT_OPTIMIZATION_LEVEL = "-Onone";
			};
			name = Debug;
		};
		88ECE097284FD32800F26C57 /* Release */ = {
			isa = XCBuildConfiguration;
			buildSettings = {
				ALWAYS_SEARCH_USER_PATHS = NO;
				CLANG_ANALYZER_NONNULL = YES;
				CLANG_ANALYZER_NUMBER_OBJECT_CONVERSION = YES_AGGRESSIVE;
				CLANG_CXX_LANGUAGE_STANDARD = "gnu++17";
				CLANG_CXX_LIBRARY = "libc++";
				CLANG_ENABLE_MODULES = YES;
				CLANG_ENABLE_OBJC_ARC = YES;
				CLANG_ENABLE_OBJC_WEAK = YES;
				CLANG_WARN_BLOCK_CAPTURE_AUTORELEASING = YES;
				CLANG_WARN_BOOL_CONVERSION = YES;
				CLANG_WARN_COMMA = YES;
				CLANG_WARN_CONSTANT_CONVERSION = YES;
				CLANG_WARN_DEPRECATED_OBJC_IMPLEMENTATIONS = YES;
				CLANG_WARN_DIRECT_OBJC_ISA_USAGE = YES_ERROR;
				CLANG_WARN_DOCUMENTATION_COMMENTS = YES;
				CLANG_WARN_EMPTY_BODY = YES;
				CLANG_WARN_ENUM_CONVERSION = YES;
				CLANG_WARN_INFINITE_RECURSION = YES;
				CLANG_WARN_INT_CONVERSION = YES;
				CLANG_WARN_NON_LITERAL_NULL_CONVERSION = YES;
				CLANG_WARN_OBJC_IMPLICIT_RETAIN_SELF = YES;
				CLANG_WARN_OBJC_LITERAL_CONVERSION = YES;
				CLANG_WARN_OBJC_ROOT_CLASS = YES_ERROR;
				CLANG_WARN_QUOTED_INCLUDE_IN_FRAMEWORK_HEADER = YES;
				CLANG_WARN_RANGE_LOOP_ANALYSIS = YES;
				CLANG_WARN_STRICT_PROTOTYPES = YES;
				CLANG_WARN_SUSPICIOUS_MOVE = YES;
				CLANG_WARN_UNGUARDED_AVAILABILITY = YES_AGGRESSIVE;
				CLANG_WARN_UNREACHABLE_CODE = YES;
				CLANG_WARN__DUPLICATE_METHOD_MATCH = YES;
				COPY_PHASE_STRIP = NO;
				DEBUG_INFORMATION_FORMAT = "dwarf-with-dsym";
				ENABLE_NS_ASSERTIONS = NO;
				ENABLE_STRICT_OBJC_MSGSEND = YES;
				GCC_C_LANGUAGE_STANDARD = gnu11;
				GCC_NO_COMMON_BLOCKS = YES;
				GCC_WARN_64_TO_32_BIT_CONVERSION = YES;
				GCC_WARN_ABOUT_RETURN_TYPE = YES_ERROR;
				GCC_WARN_UNDECLARED_SELECTOR = YES;
				GCC_WARN_UNINITIALIZED_AUTOS = YES_AGGRESSIVE;
				GCC_WARN_UNUSED_FUNCTION = YES;
				GCC_WARN_UNUSED_VARIABLE = YES;
				MACOSX_DEPLOYMENT_TARGET = 11.6;
				MTL_ENABLE_DEBUG_INFO = NO;
				MTL_FAST_MATH = YES;
				SDKROOT = macosx;
				SWIFT_COMPILATION_MODE = wholemodule;
				SWIFT_OPTIMIZATION_LEVEL = "-O";
			};
			name = Release;
		};
		88ECE099284FD32800F26C57 /* Debug */ = {
			isa = XCBuildConfiguration;
			buildSettings = {
				ASSETCATALOG_COMPILER_APPICON_NAME = AppIcon;
				ASSETCATALOG_COMPILER_GLOBAL_ACCENT_COLOR_NAME = AccentColor;
				CODE_SIGN_ENTITLEMENTS = Tweexel/Tweexel.entitlements;
				CODE_SIGN_STYLE = Automatic;
				COMBINE_HIDPI_IMAGES = YES;
				CURRENT_PROJECT_VERSION = 1;
				DEVELOPMENT_ASSET_PATHS = "\"Tweexel/Preview Content\"";
				ENABLE_PREVIEWS = YES;
				GENERATE_INFOPLIST_FILE = YES;
				INFOPLIST_KEY_NSHumanReadableCopyright = "";
				LD_RUNPATH_SEARCH_PATHS = (
					"$(inherited)",
					"@executable_path/../Frameworks",
				);
				MACOSX_DEPLOYMENT_TARGET = 11.6;
				MARKETING_VERSION = 1.0;
				PRODUCT_BUNDLE_IDENTIFIER = com.emanuelkluge.Tweexel;
				PRODUCT_NAME = "$(TARGET_NAME)";
				SWIFT_EMIT_LOC_STRINGS = YES;
				SWIFT_VERSION = 5.0;
			};
			name = Debug;
		};
		88ECE09A284FD32800F26C57 /* Release */ = {
			isa = XCBuildConfiguration;
			buildSettings = {
				ASSETCATALOG_COMPILER_APPICON_NAME = AppIcon;
				ASSETCATALOG_COMPILER_GLOBAL_ACCENT_COLOR_NAME = AccentColor;
				CODE_SIGN_ENTITLEMENTS = Tweexel/Tweexel.entitlements;
				CODE_SIGN_STYLE = Automatic;
				COMBINE_HIDPI_IMAGES = YES;
				CURRENT_PROJECT_VERSION = 1;
				DEVELOPMENT_ASSET_PATHS = "\"Tweexel/Preview Content\"";
				ENABLE_PREVIEWS = YES;
				GENERATE_INFOPLIST_FILE = YES;
				INFOPLIST_KEY_NSHumanReadableCopyright = "";
				LD_RUNPATH_SEARCH_PATHS = (
					"$(inherited)",
					"@executable_path/../Frameworks",
				);
				MACOSX_DEPLOYMENT_TARGET = 11.6;
				MARKETING_VERSION = 1.0;
				PRODUCT_BUNDLE_IDENTIFIER = com.emanuelkluge.Tweexel;
				PRODUCT_NAME = "$(TARGET_NAME)";
				SWIFT_EMIT_LOC_STRINGS = YES;
				SWIFT_VERSION = 5.0;
			};
			name = Release;
		};
/* End XCBuildConfiguration section */

/* Begin XCConfigurationList section */
		88ECE084284FD32500F26C57 /* Build configuration list for PBXProject "Tweexel" */ = {
			isa = XCConfigurationList;
			buildConfigurations = (
				88ECE096284FD32800F26C57 /* Debug */,
				88ECE097284FD32800F26C57 /* Release */,
			);
			defaultConfigurationIsVisible = 0;
			defaultConfigurationName = Release;
		};
		88ECE098284FD32800F26C57 /* Build configuration list for PBXNativeTarget "Tweexel" */ = {
			isa = XCConfigurationList;
			buildConfigurations = (
				88ECE099284FD32800F26C57 /* Debug */,
				88ECE09A284FD32800F26C57 /* Release */,
			);
			defaultConfigurationIsVisible = 0;
			defaultConfigurationName = Release;
		};
/* End XCConfigurationList section */
	};
	rootObject = 88ECE081284FD32500F26C57 /* Project object */;
}
